// !$*UTF8*$!
{
	archiveVersion = 1;
	classes = {
	};
	objectVersion = 46;
	objects = {

/* Begin PBXBuildFile section */
		CA1944F818F2532E0062AE44 /* ListedCIEffectNodes.plist in Resources */ = {isa = PBXBuildFile; fileRef = CA1944F718F2532E0062AE44 /* ListedCIEffectNodes.plist */; };
		CA1944FB18F255670062AE44 /* ListedNodeManager.m in Sources */ = {isa = PBXBuildFile; fileRef = CA1944FA18F255670062AE44 /* ListedNodeManager.m */; };
		CA2861FD1787057D0024346C /* UXFilterGraphView.m in Sources */ = {isa = PBXBuildFile; fileRef = CA2861FC1787057D0024346C /* UXFilterGraphView.m */; };
		CA2E31FC18EE296400E9B5BA /* UXFilterGraphManager.m in Sources */ = {isa = PBXBuildFile; fileRef = CA2E31FB18EE296400E9B5BA /* UXFilterGraphManager.m */; };
		CA7FF3A218DC1EE6000EAFA7 /* GenericCIEffectNode.m in Sources */ = {isa = PBXBuildFile; fileRef = CA7FF3A118DC1EE6000EAFA7 /* GenericCIEffectNode.m */; };
		CA86EBFE18F8EB5A00F80A49 /* GenericIONode.m in Sources */ = {isa = PBXBuildFile; fileRef = CA86EBFD18F8EB5A00F80A49 /* GenericIONode.m */; };
		CA86EC0018F8EC9500F80A49 /* ListedIONodes.plist in Resources */ = {isa = PBXBuildFile; fileRef = CA86EBFF18F8EC9500F80A49 /* ListedIONodes.plist */; };
		CA8C9D7818E4DF11005B682A /* UXFilterConnectionView.m in Sources */ = {isa = PBXBuildFile; fileRef = CA8C9D7718E4DF11005B682A /* UXFilterConnectionView.m */; };
		CA8C9D7B18E50BA9005B682A /* UXFilterConnectPointView.m in Sources */ = {isa = PBXBuildFile; fileRef = CA8C9D7A18E50BA9005B682A /* UXFilterConnectPointView.m */; };
		CA9461BE179E94C6002A0BF5 /* FilterNodeFactory.m in Sources */ = {isa = PBXBuildFile; fileRef = CA9461BD179E94C6002A0BF5 /* FilterNodeFactory.m */; };
		CA9461C4179EA906002A0BF5 /* OutputViewingNode.m in Sources */ = {isa = PBXBuildFile; fileRef = CA9461C1179EA906002A0BF5 /* OutputViewingNode.m */; };
		CA9461C5179EA906002A0BF5 /* RawImageInputFilterNode.m in Sources */ = {isa = PBXBuildFile; fileRef = CA9461C3179EA906002A0BF5 /* RawImageInputFilterNode.m */; };
		CA9461C8179EA924002A0BF5 /* FilterNode.m in Sources */ = {isa = PBXBuildFile; fileRef = CA9461C7179EA924002A0BF5 /* FilterNode.m */; };
		CA9461D0179EBA38002A0BF5 /* LICENSE in Resources */ = {isa = PBXBuildFile; fileRef = CA9461CE179EBA37002A0BF5 /* LICENSE */; };
		CA9461D1179EBA38002A0BF5 /* README.md in Resources */ = {isa = PBXBuildFile; fileRef = CA9461CF179EBA38002A0BF5 /* README.md */; };
		CA9461D4179EBE69002A0BF5 /* NSScrollView+AutosizeContent.m in Sources */ = {isa = PBXBuildFile; fileRef = CA9461D3179EBE69002A0BF5 /* NSScrollView+AutosizeContent.m */; };
		CA961D6718F13CCF00FA58E0 /* UXFilterInputPointView.m in Sources */ = {isa = PBXBuildFile; fileRef = CA961D6618F13CCF00FA58E0 /* UXFilterInputPointView.m */; };
		CA961D6A18F13CDC00FA58E0 /* UXFilterOutputPointView.m in Sources */ = {isa = PBXBuildFile; fileRef = CA961D6918F13CDC00FA58E0 /* UXFilterOutputPointView.m */; };
		CACB5AFB18EEBD2300123715 /* FilterNodeContext.m in Sources */ = {isa = PBXBuildFile; fileRef = CACB5AFA18EEBD2300123715 /* FilterNodeContext.m */; };
		CAF14C9917843411008DC169 /* Cocoa.framework in Frameworks */ = {isa = PBXBuildFile; fileRef = CAF14C9817843411008DC169 /* Cocoa.framework */; };
		CAF14CA317843411008DC169 /* InfoPlist.strings in Resources */ = {isa = PBXBuildFile; fileRef = CAF14CA117843411008DC169 /* InfoPlist.strings */; };
		CAF14CA517843411008DC169 /* main.m in Sources */ = {isa = PBXBuildFile; fileRef = CAF14CA417843411008DC169 /* main.m */; };
		CAF14CAC17843411008DC169 /* AppDelegate.m in Sources */ = {isa = PBXBuildFile; fileRef = CAF14CAB17843411008DC169 /* AppDelegate.m */; };
		CAF14CAF17843411008DC169 /* MainMenu.xib in Resources */ = {isa = PBXBuildFile; fileRef = CAF14CAD17843411008DC169 /* MainMenu.xib */; };
		CAF14CE817847479008DC169 /* QuartzCore.framework in Frameworks */ = {isa = PBXBuildFile; fileRef = CAF14CE717847479008DC169 /* QuartzCore.framework */; };
/* End PBXBuildFile section */

/* Begin PBXFileReference section */
		CA1944F718F2532E0062AE44 /* ListedCIEffectNodes.plist */ = {isa = PBXFileReference; fileEncoding = 4; lastKnownFileType = text.plist.xml; path = ListedCIEffectNodes.plist; sourceTree = "<group>"; };
		CA1944F918F255670062AE44 /* ListedNodeManager.h */ = {isa = PBXFileReference; fileEncoding = 4; lastKnownFileType = sourcecode.c.h; path = ListedNodeManager.h; sourceTree = "<group>"; };
		CA1944FA18F255670062AE44 /* ListedNodeManager.m */ = {isa = PBXFileReference; fileEncoding = 4; lastKnownFileType = sourcecode.c.objc; path = ListedNodeManager.m; sourceTree = "<group>"; };
		CA2861F91787022C0024346C /* FilterNodeSeenInOutputPane.h */ = {isa = PBXFileReference; fileEncoding = 4; lastKnownFileType = sourcecode.c.h; path = FilterNodeSeenInOutputPane.h; sourceTree = "<group>"; };
		CA2861FB1787057D0024346C /* UXFilterGraphView.h */ = {isa = PBXFileReference; fileEncoding = 4; lastKnownFileType = sourcecode.c.h; path = UXFilterGraphView.h; sourceTree = "<group>"; };
		CA2861FC1787057D0024346C /* UXFilterGraphView.m */ = {isa = PBXFileReference; fileEncoding = 4; lastKnownFileType = sourcecode.c.objc; path = UXFilterGraphView.m; sourceTree = "<group>"; };
		CA2E31FA18EE296400E9B5BA /* UXFilterGraphManager.h */ = {isa = PBXFileReference; fileEncoding = 4; lastKnownFileType = sourcecode.c.h; path = UXFilterGraphManager.h; sourceTree = "<group>"; };
		CA2E31FB18EE296400E9B5BA /* UXFilterGraphManager.m */ = {isa = PBXFileReference; fileEncoding = 4; lastKnownFileType = sourcecode.c.objc; path = UXFilterGraphManager.m; sourceTree = "<group>"; };
		CA7FF3A018DC1EE6000EAFA7 /* GenericCIEffectNode.h */ = {isa = PBXFileReference; fileEncoding = 4; lastKnownFileType = sourcecode.c.h; path = GenericCIEffectNode.h; sourceTree = "<group>"; };
		CA7FF3A118DC1EE6000EAFA7 /* GenericCIEffectNode.m */ = {isa = PBXFileReference; fileEncoding = 4; lastKnownFileType = sourcecode.c.objc; path = GenericCIEffectNode.m; sourceTree = "<group>"; };
		CA86EBFC18F8EB5A00F80A49 /* GenericIONode.h */ = {isa = PBXFileReference; fileEncoding = 4; lastKnownFileType = sourcecode.c.h; path = GenericIONode.h; sourceTree = "<group>"; };
		CA86EBFD18F8EB5A00F80A49 /* GenericIONode.m */ = {isa = PBXFileReference; fileEncoding = 4; lastKnownFileType = sourcecode.c.objc; path = GenericIONode.m; sourceTree = "<group>"; };
		CA86EBFF18F8EC9500F80A49 /* ListedIONodes.plist */ = {isa = PBXFileReference; fileEncoding = 4; lastKnownFileType = text.plist.xml; path = ListedIONodes.plist; sourceTree = "<group>"; };
		CA8C9D7618E4DF11005B682A /* UXFilterConnectionView.h */ = {isa = PBXFileReference; fileEncoding = 4; lastKnownFileType = sourcecode.c.h; path = UXFilterConnectionView.h; sourceTree = "<group>"; };
		CA8C9D7718E4DF11005B682A /* UXFilterConnectionView.m */ = {isa = PBXFileReference; fileEncoding = 4; lastKnownFileType = sourcecode.c.objc; path = UXFilterConnectionView.m; sourceTree = "<group>"; };
		CA8C9D7918E50BA9005B682A /* UXFilterConnectPointView.h */ = {isa = PBXFileReference; fileEncoding = 4; lastKnownFileType = sourcecode.c.h; path = UXFilterConnectPointView.h; sourceTree = "<group>"; };
		CA8C9D7A18E50BA9005B682A /* UXFilterConnectPointView.m */ = {isa = PBXFileReference; fileEncoding = 4; lastKnownFileType = sourcecode.c.objc; path = UXFilterConnectPointView.m; sourceTree = "<group>"; };
		CA9461BC179E94C5002A0BF5 /* FilterNodeFactory.h */ = {isa = PBXFileReference; fileEncoding = 4; lastKnownFileType = sourcecode.c.h; path = FilterNodeFactory.h; sourceTree = "<group>"; };
		CA9461BD179E94C6002A0BF5 /* FilterNodeFactory.m */ = {isa = PBXFileReference; fileEncoding = 4; lastKnownFileType = sourcecode.c.objc; path = FilterNodeFactory.m; sourceTree = "<group>"; };
		CA9461C0179EA906002A0BF5 /* OutputViewingNode.h */ = {isa = PBXFileReference; fileEncoding = 4; lastKnownFileType = sourcecode.c.h; path = OutputViewingNode.h; sourceTree = "<group>"; };
		CA9461C1179EA906002A0BF5 /* OutputViewingNode.m */ = {isa = PBXFileReference; fileEncoding = 4; lastKnownFileType = sourcecode.c.objc; path = OutputViewingNode.m; sourceTree = "<group>"; };
		CA9461C2179EA906002A0BF5 /* RawImageInputFilterNode.h */ = {isa = PBXFileReference; fileEncoding = 4; lastKnownFileType = sourcecode.c.h; path = RawImageInputFilterNode.h; sourceTree = "<group>"; };
		CA9461C3179EA906002A0BF5 /* RawImageInputFilterNode.m */ = {isa = PBXFileReference; fileEncoding = 4; lastKnownFileType = sourcecode.c.objc; path = RawImageInputFilterNode.m; sourceTree = "<group>"; };
		CA9461C6179EA924002A0BF5 /* FilterNode.h */ = {isa = PBXFileReference; fileEncoding = 4; lastKnownFileType = sourcecode.c.h; path = FilterNode.h; sourceTree = "<group>"; };
		CA9461C7179EA924002A0BF5 /* FilterNode.m */ = {isa = PBXFileReference; fileEncoding = 4; lastKnownFileType = sourcecode.c.objc; path = FilterNode.m; sourceTree = "<group>"; };
		CA9461CE179EBA37002A0BF5 /* LICENSE */ = {isa = PBXFileReference; fileEncoding = 4; lastKnownFileType = text; path = LICENSE; sourceTree = "<group>"; };
		CA9461CF179EBA38002A0BF5 /* README.md */ = {isa = PBXFileReference; fileEncoding = 4; lastKnownFileType = text; path = README.md; sourceTree = "<group>"; };
		CA9461D2179EBE69002A0BF5 /* NSScrollView+AutosizeContent.h */ = {isa = PBXFileReference; fileEncoding = 4; lastKnownFileType = sourcecode.c.h; path = "NSScrollView+AutosizeContent.h"; sourceTree = "<group>"; };
		CA9461D3179EBE69002A0BF5 /* NSScrollView+AutosizeContent.m */ = {isa = PBXFileReference; fileEncoding = 4; lastKnownFileType = sourcecode.c.objc; path = "NSScrollView+AutosizeContent.m"; sourceTree = "<group>"; };
		CA961D6518F13CCF00FA58E0 /* UXFilterInputPointView.h */ = {isa = PBXFileReference; fileEncoding = 4; lastKnownFileType = sourcecode.c.h; path = UXFilterInputPointView.h; sourceTree = "<group>"; };
		CA961D6618F13CCF00FA58E0 /* UXFilterInputPointView.m */ = {isa = PBXFileReference; fileEncoding = 4; lastKnownFileType = sourcecode.c.objc; path = UXFilterInputPointView.m; sourceTree = "<group>"; };
		CA961D6818F13CDC00FA58E0 /* UXFilterOutputPointView.h */ = {isa = PBXFileReference; fileEncoding = 4; lastKnownFileType = sourcecode.c.h; path = UXFilterOutputPointView.h; sourceTree = "<group>"; };
		CA961D6918F13CDC00FA58E0 /* UXFilterOutputPointView.m */ = {isa = PBXFileReference; fileEncoding = 4; lastKnownFileType = sourcecode.c.objc; path = UXFilterOutputPointView.m; sourceTree = "<group>"; };
		CAA3953D17A7CC4E009690A9 /* FilterGraphViewDelegate.h */ = {isa = PBXFileReference; lastKnownFileType = sourcecode.c.h; path = FilterGraphViewDelegate.h; sourceTree = "<group>"; };
		CACB5AF918EEBD2300123715 /* FilterNodeContext.h */ = {isa = PBXFileReference; fileEncoding = 4; lastKnownFileType = sourcecode.c.h; path = FilterNodeContext.h; sourceTree = "<group>"; };
		CACB5AFA18EEBD2300123715 /* FilterNodeContext.m */ = {isa = PBXFileReference; fileEncoding = 4; lastKnownFileType = sourcecode.c.objc; path = FilterNodeContext.m; sourceTree = "<group>"; };
		CAF14C9517843411008DC169 /* CIFilterGraph.app */ = {isa = PBXFileReference; explicitFileType = wrapper.application; includeInIndex = 0; path = CIFilterGraph.app; sourceTree = BUILT_PRODUCTS_DIR; };
		CAF14C9817843411008DC169 /* Cocoa.framework */ = {isa = PBXFileReference; lastKnownFileType = wrapper.framework; name = Cocoa.framework; path = System/Library/Frameworks/Cocoa.framework; sourceTree = SDKROOT; };
		CAF14C9B17843411008DC169 /* AppKit.framework */ = {isa = PBXFileReference; lastKnownFileType = wrapper.framework; name = AppKit.framework; path = System/Library/Frameworks/AppKit.framework; sourceTree = SDKROOT; };
		CAF14C9C17843411008DC169 /* CoreData.framework */ = {isa = PBXFileReference; lastKnownFileType = wrapper.framework; name = CoreData.framework; path = System/Library/Frameworks/CoreData.framework; sourceTree = SDKROOT; };
		CAF14C9D17843411008DC169 /* Foundation.framework */ = {isa = PBXFileReference; lastKnownFileType = wrapper.framework; name = Foundation.framework; path = System/Library/Frameworks/Foundation.framework; sourceTree = SDKROOT; };
		CAF14CA017843411008DC169 /* CIFilterGraph-Info.plist */ = {isa = PBXFileReference; lastKnownFileType = text.plist.xml; path = "CIFilterGraph-Info.plist"; sourceTree = "<group>"; };
		CAF14CA217843411008DC169 /* en */ = {isa = PBXFileReference; lastKnownFileType = text.plist.strings; name = en; path = en.lproj/InfoPlist.strings; sourceTree = "<group>"; };
		CAF14CA417843411008DC169 /* main.m */ = {isa = PBXFileReference; lastKnownFileType = sourcecode.c.objc; path = main.m; sourceTree = "<group>"; };
		CAF14CA617843411008DC169 /* CIFilterGraph-Prefix.pch */ = {isa = PBXFileReference; lastKnownFileType = sourcecode.c.h; path = "CIFilterGraph-Prefix.pch"; sourceTree = "<group>"; };
		CAF14CAA17843411008DC169 /* AppDelegate.h */ = {isa = PBXFileReference; lastKnownFileType = sourcecode.c.h; path = AppDelegate.h; sourceTree = "<group>"; };
		CAF14CAB17843411008DC169 /* AppDelegate.m */ = {isa = PBXFileReference; lastKnownFileType = sourcecode.c.objc; path = AppDelegate.m; sourceTree = "<group>"; };
		CAF14CAE17843411008DC169 /* en */ = {isa = PBXFileReference; lastKnownFileType = file.xib; name = en; path = en.lproj/MainMenu.xib; sourceTree = "<group>"; };
		CAF14CE717847479008DC169 /* QuartzCore.framework */ = {isa = PBXFileReference; lastKnownFileType = wrapper.framework; name = QuartzCore.framework; path = System/Library/Frameworks/QuartzCore.framework; sourceTree = SDKROOT; };
/* End PBXFileReference section */

/* Begin PBXFrameworksBuildPhase section */
		CAF14C9217843411008DC169 /* Frameworks */ = {
			isa = PBXFrameworksBuildPhase;
			buildActionMask = 2147483647;
			files = (
				CAF14CE817847479008DC169 /* QuartzCore.framework in Frameworks */,
				CAF14C9917843411008DC169 /* Cocoa.framework in Frameworks */,
			);
			runOnlyForDeploymentPostprocessing = 0;
		};
/* End PBXFrameworksBuildPhase section */

/* Begin PBXGroup section */
		CA1944FC18F264870062AE44 /* CI Effects */ = {
			isa = PBXGroup;
			children = (
				CA7FF3A018DC1EE6000EAFA7 /* GenericCIEffectNode.h */,
				CA7FF3A118DC1EE6000EAFA7 /* GenericCIEffectNode.m */,
				CA1944F718F2532E0062AE44 /* ListedCIEffectNodes.plist */,
			);
			name = "CI Effects";
			sourceTree = "<group>";
		};
		CA1944FD18F2649D0062AE44 /* I/O */ = {
			isa = PBXGroup;
			children = (
				CA86EBFC18F8EB5A00F80A49 /* GenericIONode.h */,
				CA86EBFD18F8EB5A00F80A49 /* GenericIONode.m */,
				CA86EBFF18F8EC9500F80A49 /* ListedIONodes.plist */,
				CA9461C0179EA906002A0BF5 /* OutputViewingNode.h */,
				CA9461C1179EA906002A0BF5 /* OutputViewingNode.m */,
				CA9461C2179EA906002A0BF5 /* RawImageInputFilterNode.h */,
				CA9461C3179EA906002A0BF5 /* RawImageInputFilterNode.m */,
			);
			name = I/O;
			sourceTree = "<group>";
		};
		CA2861F81787022C0024346C /* Protocols */ = {
			isa = PBXGroup;
			children = (
				CA2861F91787022C0024346C /* FilterNodeSeenInOutputPane.h */,
			);
			path = Protocols;
			sourceTree = "<group>";
		};
		CA2861FA178704960024346C /* Graph */ = {
			isa = PBXGroup;
			children = (
				CA2E31FA18EE296400E9B5BA /* UXFilterGraphManager.h */,
				CA2E31FB18EE296400E9B5BA /* UXFilterGraphManager.m */,
				CA2861FB1787057D0024346C /* UXFilterGraphView.h */,
				CA2861FC1787057D0024346C /* UXFilterGraphView.m */,
				CAA3953D17A7CC4E009690A9 /* FilterGraphViewDelegate.h */,
				CA961D6B18F13CE800FA58E0 /* Connections */,
				CA9461D2179EBE69002A0BF5 /* NSScrollView+AutosizeContent.h */,
				CA9461D3179EBE69002A0BF5 /* NSScrollView+AutosizeContent.m */,
			);
			path = Graph;
			sourceTree = "<group>";
		};
		CA9461BF179EA906002A0BF5 /* Nodes */ = {
			isa = PBXGroup;
			children = (
				CA9461C6179EA924002A0BF5 /* FilterNode.h */,
				CA9461C7179EA924002A0BF5 /* FilterNode.m */,
				CA1944F918F255670062AE44 /* ListedNodeManager.h */,
				CA1944FA18F255670062AE44 /* ListedNodeManager.m */,
				CA1944FC18F264870062AE44 /* CI Effects */,
				CA1944FD18F2649D0062AE44 /* I/O */,
			);
			path = Nodes;
			sourceTree = "<group>";
		};
		CA961D6B18F13CE800FA58E0 /* Connections */ = {
			isa = PBXGroup;
			children = (
				CA8C9D7918E50BA9005B682A /* UXFilterConnectPointView.h */,
				CA8C9D7A18E50BA9005B682A /* UXFilterConnectPointView.m */,
				CA961D6518F13CCF00FA58E0 /* UXFilterInputPointView.h */,
				CA961D6618F13CCF00FA58E0 /* UXFilterInputPointView.m */,
				CA961D6818F13CDC00FA58E0 /* UXFilterOutputPointView.h */,
				CA961D6918F13CDC00FA58E0 /* UXFilterOutputPointView.m */,
				CA8C9D7618E4DF11005B682A /* UXFilterConnectionView.h */,
				CA8C9D7718E4DF11005B682A /* UXFilterConnectionView.m */,
			);
			name = Connections;
			sourceTree = "<group>";
		};
		CAF14C8C17843410008DC169 = {
			isa = PBXGroup;
			children = (
				CA9461CE179EBA37002A0BF5 /* LICENSE */,
				CA9461CF179EBA38002A0BF5 /* README.md */,
				CAF14C9E17843411008DC169 /* CIFilterGraph */,
				CAF14C9717843411008DC169 /* Frameworks */,
				CAF14C9617843411008DC169 /* Products */,
			);
			sourceTree = "<group>";
		};
		CAF14C9617843411008DC169 /* Products */ = {
			isa = PBXGroup;
			children = (
				CAF14C9517843411008DC169 /* CIFilterGraph.app */,
			);
			name = Products;
			sourceTree = "<group>";
		};
		CAF14C9717843411008DC169 /* Frameworks */ = {
			isa = PBXGroup;
			children = (
				CAF14CE717847479008DC169 /* QuartzCore.framework */,
				CAF14C9817843411008DC169 /* Cocoa.framework */,
				CAF14C9A17843411008DC169 /* Other Frameworks */,
			);
			name = Frameworks;
			sourceTree = "<group>";
		};
		CAF14C9A17843411008DC169 /* Other Frameworks */ = {
			isa = PBXGroup;
			children = (
				CAF14C9B17843411008DC169 /* AppKit.framework */,
				CAF14C9C17843411008DC169 /* CoreData.framework */,
				CAF14C9D17843411008DC169 /* Foundation.framework */,
			);
			name = "Other Frameworks";
			sourceTree = "<group>";
		};
		CAF14C9E17843411008DC169 /* CIFilterGraph */ = {
			isa = PBXGroup;
			children = (
				CAF14CAA17843411008DC169 /* AppDelegate.h */,
				CAF14CAB17843411008DC169 /* AppDelegate.m */,
				CAF14CAD17843411008DC169 /* MainMenu.xib */,
				CAF14CB51784344A008DC169 /* FilterNodes */,
				CAF14C9F17843411008DC169 /* Supporting Files */,
			);
			path = CIFilterGraph;
			sourceTree = "<group>";
		};
		CAF14C9F17843411008DC169 /* Supporting Files */ = {
			isa = PBXGroup;
			children = (
				CAF14CA017843411008DC169 /* CIFilterGraph-Info.plist */,
				CAF14CA117843411008DC169 /* InfoPlist.strings */,
				CAF14CA417843411008DC169 /* main.m */,
				CAF14CA617843411008DC169 /* CIFilterGraph-Prefix.pch */,
			);
			name = "Supporting Files";
			sourceTree = "<group>";
		};
		CAF14CB51784344A008DC169 /* FilterNodes */ = {
			isa = PBXGroup;
			children = (
				CA9461BC179E94C5002A0BF5 /* FilterNodeFactory.h */,
				CA9461BD179E94C6002A0BF5 /* FilterNodeFactory.m */,
				CACB5AF918EEBD2300123715 /* FilterNodeContext.h */,
				CACB5AFA18EEBD2300123715 /* FilterNodeContext.m */,
				CA2861FA178704960024346C /* Graph */,
				CA2861F81787022C0024346C /* Protocols */,
				CA9461BF179EA906002A0BF5 /* Nodes */,
			);
			path = FilterNodes;
			sourceTree = "<group>";
		};
/* End PBXGroup section */

/* Begin PBXNativeTarget section */
		CAF14C9417843411008DC169 /* CIFilterGraph */ = {
			isa = PBXNativeTarget;
			buildConfigurationList = CAF14CB217843411008DC169 /* Build configuration list for PBXNativeTarget "CIFilterGraph" */;
			buildPhases = (
				CAF14C9117843411008DC169 /* Sources */,
				CAF14C9217843411008DC169 /* Frameworks */,
				CAF14C9317843411008DC169 /* Resources */,
			);
			buildRules = (
			);
			dependencies = (
			);
			name = CIFilterGraph;
			productName = CIFilterGraph;
			productReference = CAF14C9517843411008DC169 /* CIFilterGraph.app */;
			productType = "com.apple.product-type.application";
		};
/* End PBXNativeTarget section */

/* Begin PBXProject section */
		CAF14C8D17843410008DC169 /* Project object */ = {
			isa = PBXProject;
			attributes = {
				LastUpgradeCheck = 0510;
				ORGANIZATIONNAME = "Mete Cakman";
			};
			buildConfigurationList = CAF14C9017843410008DC169 /* Build configuration list for PBXProject "CIFilterGraph" */;
			compatibilityVersion = "Xcode 3.2";
			developmentRegion = English;
			hasScannedForEncodings = 0;
			knownRegions = (
				en,
			);
			mainGroup = CAF14C8C17843410008DC169;
			productRefGroup = CAF14C9617843411008DC169 /* Products */;
			projectDirPath = "";
			projectRoot = "";
			targets = (
				CAF14C9417843411008DC169 /* CIFilterGraph */,
			);
		};
/* End PBXProject section */

/* Begin PBXResourcesBuildPhase section */
		CAF14C9317843411008DC169 /* Resources */ = {
			isa = PBXResourcesBuildPhase;
			buildActionMask = 2147483647;
			files = (
				CA1944F818F2532E0062AE44 /* ListedCIEffectNodes.plist in Resources */,
				CAF14CA317843411008DC169 /* InfoPlist.strings in Resources */,
				CAF14CAF17843411008DC169 /* MainMenu.xib in Resources */,
				CA9461D0179EBA38002A0BF5 /* LICENSE in Resources */,
				CA9461D1179EBA38002A0BF5 /* README.md in Resources */,
				CA86EC0018F8EC9500F80A49 /* ListedIONodes.plist in Resources */,
			);
			runOnlyForDeploymentPostprocessing = 0;
		};
/* End PBXResourcesBuildPhase section */

/* Begin PBXSourcesBuildPhase section */
		CAF14C9117843411008DC169 /* Sources */ = {
			isa = PBXSourcesBuildPhase;
			buildActionMask = 2147483647;
			files = (
				CAF14CA517843411008DC169 /* main.m in Sources */,
				CA2E31FC18EE296400E9B5BA /* UXFilterGraphManager.m in Sources */,
				CAF14CAC17843411008DC169 /* AppDelegate.m in Sources */,
				CA8C9D7818E4DF11005B682A /* UXFilterConnectionView.m in Sources */,
				CA7FF3A218DC1EE6000EAFA7 /* GenericCIEffectNode.m in Sources */,
				CA2861FD1787057D0024346C /* UXFilterGraphView.m in Sources */,
				CA9461BE179E94C6002A0BF5 /* FilterNodeFactory.m in Sources */,
				CA9461C4179EA906002A0BF5 /* OutputViewingNode.m in Sources */,
				CA1944FB18F255670062AE44 /* ListedNodeManager.m in Sources */,
				CA86EBFE18F8EB5A00F80A49 /* GenericIONode.m in Sources */,
				CA9461C5179EA906002A0BF5 /* RawImageInputFilterNode.m in Sources */,
				CA961D6718F13CCF00FA58E0 /* UXFilterInputPointView.m in Sources */,
				CACB5AFB18EEBD2300123715 /* FilterNodeContext.m in Sources */,
				CA9461C8179EA924002A0BF5 /* FilterNode.m in Sources */,
				CA9461D4179EBE69002A0BF5 /* NSScrollView+AutosizeContent.m in Sources */,
				CA961D6A18F13CDC00FA58E0 /* UXFilterOutputPointView.m in Sources */,
				CA8C9D7B18E50BA9005B682A /* UXFilterConnectPointView.m in Sources */,
			);
			runOnlyForDeploymentPostprocessing = 0;
		};
/* End PBXSourcesBuildPhase section */

/* Begin PBXVariantGroup section */
		CAF14CA117843411008DC169 /* InfoPlist.strings */ = {
			isa = PBXVariantGroup;
			children = (
				CAF14CA217843411008DC169 /* en */,
			);
			name = InfoPlist.strings;
			sourceTree = "<group>";
		};
		CAF14CAD17843411008DC169 /* MainMenu.xib */ = {
			isa = PBXVariantGroup;
			children = (
				CAF14CAE17843411008DC169 /* en */,
			);
			name = MainMenu.xib;
			sourceTree = "<group>";
		};
/* End PBXVariantGroup section */

/* Begin XCBuildConfiguration section */
		CAF14CB017843411008DC169 /* Debug */ = {
			isa = XCBuildConfiguration;
			buildSettings = {
				ALWAYS_SEARCH_USER_PATHS = NO;
				CLANG_CXX_LANGUAGE_STANDARD = "gnu++0x";
				CLANG_CXX_LIBRARY = "libc++";
				CLANG_WARN_CONSTANT_CONVERSION = YES;
				CLANG_WARN_EMPTY_BODY = YES;
				CLANG_WARN_ENUM_CONVERSION = YES;
				CLANG_WARN_INT_CONVERSION = YES;
				CLANG_WARN__DUPLICATE_METHOD_MATCH = YES;
				COPY_PHASE_STRIP = NO;
				GCC_C_LANGUAGE_STANDARD = gnu99;
				GCC_DYNAMIC_NO_PIC = NO;
				GCC_ENABLE_OBJC_EXCEPTIONS = YES;
				GCC_OPTIMIZATION_LEVEL = 0;
				GCC_PREPROCESSOR_DEFINITIONS = (
					"DEBUG=1",
					"$(inherited)",
				);
				GCC_SYMBOLS_PRIVATE_EXTERN = NO;
				GCC_WARN_64_TO_32_BIT_CONVERSION = YES;
				GCC_WARN_ABOUT_RETURN_TYPE = YES;
				GCC_WARN_UNINITIALIZED_AUTOS = YES;
				GCC_WARN_UNUSED_VARIABLE = YES;
				MACOSX_DEPLOYMENT_TARGET = 10.8;
				ONLY_ACTIVE_ARCH = YES;
				SDKROOT = macosx;
			};
			name = Debug;
		};
		CAF14CB117843411008DC169 /* Release */ = {
			isa = XCBuildConfiguration;
			buildSettings = {
				ALWAYS_SEARCH_USER_PATHS = NO;
				CLANG_CXX_LANGUAGE_STANDARD = "gnu++0x";
				CLANG_CXX_LIBRARY = "libc++";
				CLANG_WARN_CONSTANT_CONVERSION = YES;
				CLANG_WARN_EMPTY_BODY = YES;
				CLANG_WARN_ENUM_CONVERSION = YES;
				CLANG_WARN_INT_CONVERSION = YES;
				CLANG_WARN__DUPLICATE_METHOD_MATCH = YES;
				COPY_PHASE_STRIP = YES;
				DEBUG_INFORMATION_FORMAT = "dwarf-with-dsym";
				GCC_C_LANGUAGE_STANDARD = gnu99;
				GCC_ENABLE_OBJC_EXCEPTIONS = YES;
				GCC_WARN_64_TO_32_BIT_CONVERSION = YES;
				GCC_WARN_ABOUT_RETURN_TYPE = YES;
				GCC_WARN_UNINITIALIZED_AUTOS = YES;
				GCC_WARN_UNUSED_VARIABLE = YES;
				MACOSX_DEPLOYMENT_TARGET = 10.8;
				SDKROOT = macosx;
			};
			name = Release;
		};
		CAF14CB317843411008DC169 /* Debug */ = {
			isa = XCBuildConfiguration;
			buildSettings = {
				CLANG_ENABLE_OBJC_ARC = YES;
				COMBINE_HIDPI_IMAGES = YES;
				GCC_PRECOMPILE_PREFIX_HEADER = YES;
				GCC_PREFIX_HEADER = "CIFilterGraph/CIFilterGraph-Prefix.pch";
				INFOPLIST_FILE = "CIFilterGraph/CIFilterGraph-Info.plist";
				PRODUCT_NAME = "$(TARGET_NAME)";
				WRAPPER_EXTENSION = app;
			};
			name = Debug;
		};
		CAF14CB417843411008DC169 /* Release */ = {
			isa = XCBuildConfiguration;
			buildSettings = {
				CLANG_ENABLE_OBJC_ARC = YES;
				COMBINE_HIDPI_IMAGES = YES;
				GCC_PRECOMPILE_PREFIX_HEADER = YES;
				GCC_PREFIX_HEADER = "CIFilterGraph/CIFilterGraph-Prefix.pch";
				INFOPLIST_FILE = "CIFilterGraph/CIFilterGraph-Info.plist";
				PRODUCT_NAME = "$(TARGET_NAME)";
				WRAPPER_EXTENSION = app;
			};
			name = Release;
		};
/* End XCBuildConfiguration section */

/* Begin XCConfigurationList section */
		CAF14C9017843410008DC169 /* Build configuration list for PBXProject "CIFilterGraph" */ = {
			isa = XCConfigurationList;
			buildConfigurations = (
				CAF14CB017843411008DC169 /* Debug */,
				CAF14CB117843411008DC169 /* Release */,
			);
			defaultConfigurationIsVisible = 0;
			defaultConfigurationName = Release;
		};
		CAF14CB217843411008DC169 /* Build configuration list for PBXNativeTarget "CIFilterGraph" */ = {
			isa = XCConfigurationList;
			buildConfigurations = (
				CAF14CB317843411008DC169 /* Debug */,
				CAF14CB417843411008DC169 /* Release */,
			);
			defaultConfigurationIsVisible = 0;
			defaultConfigurationName = Release;
		};
/* End XCConfigurationList section */
	};
	rootObject = CAF14C8D17843410008DC169 /* Project object */;
}
